
Microsoft Visual Studio Solution File, Format Version 12.00
# Visual Studio Version 16
VisualStudioVersion = 16.0.32002.261
MinimumVisualStudioVersion = 10.0.40219.1
Project("{FAE04EC0-301F-11D3-BF4B-00C04F79EFBC}") = "MultiThreadPokemon", "MultiThreadPokemon.csproj", "{876B73CF-644E-41AE-975A-C646E7F40975}"
EndProject
Project("{FAE04EC0-301F-11D3-BF4B-00C04F79EFBC}") = "MTPConsole", "..\MTPConsole\MTPConsole.csproj", "{1DA4CC3D-2B04-4191-9AA5-B3A1960CD3DF}"
EndProject
Global
	GlobalSection(SolutionConfigurationPlatforms) = preSolution
		Debug|Any CPU = Debug|Any CPU
		Release|Any CPU = Release|Any CPU
	EndGlobalSection
	GlobalSection(ProjectConfigurationPlatforms) = postSolution
		{876B73CF-644E-41AE-975A-C646E7F40975}.Debug|Any CPU.ActiveCfg = Debug|Any CPU
		{876B73CF-644E-41AE-975A-C646E7F40975}.Debug|Any CPU.Build.0 = Debug|Any CPU
		{876B73CF-644E-41AE-975A-C646E7F40975}.Release|Any CPU.ActiveCfg = Release|Any CPU
		{876B73CF-644E-41AE-975A-C646E7F40975}.Release|Any CPU.Build.0 = Release|Any CPU
		{1DA4CC3D-2B04-4191-9AA5-B3A1960CD3DF}.Debug|Any CPU.ActiveCfg = Debug|Any CPU
		{1DA4CC3D-2B04-4191-9AA5-B3A1960CD3DF}.Debug|Any CPU.Build.0 = Debug|Any CPU
		{1DA4CC3D-2B04-4191-9AA5-B3A1960CD3DF}.Release|Any CPU.ActiveCfg = Release|Any CPU
		{1DA4CC3D-2B04-4191-9AA5-B3A1960CD3DF}.Release|Any CPU.Build.0 = Release|Any CPU
	EndGlobalSection
	GlobalSection(SolutionProperties) = preSolution
		HideSolutionNode = FALSE
	EndGlobalSection
	GlobalSection(ExtensibilityGlobals) = postSolution
		SolutionGuid = {70E63E98-9382-48BF-BDC3-8271504C217E}
	EndGlobalSection
EndGlobal
